
Microsoft Visual Studio Solution File, Format Version 12.00
# Visual Studio Version 17
VisualStudioVersion = 17.3.32819.101
MinimumVisualStudioVersion = 10.0.40219.1
Project("{FAE04EC0-301F-11D3-BF4B-00C04F79EFBC}") = "SchoolManagement", "SchoolManagement\SchoolManagement.csproj", "{1DEB926F-D836-4576-AF54-ECC315937718}"
EndProject
Project("{FAE04EC0-301F-11D3-BF4B-00C04F79EFBC}") = "Entites", "Entites\Entites.csproj", "{7D4D486A-B5F9-462E-8020-16B1E1FFBB1C}"
EndProject
Global
	GlobalSection(SolutionConfigurationPlatforms) = preSolution
		Debug|Any CPU = Debug|Any CPU
		Release|Any CPU = Release|Any CPU
	EndGlobalSection
	GlobalSection(ProjectConfigurationPlatforms) = postSolution
		{1DEB926F-D836-4576-AF54-ECC315937718}.Debug|Any CPU.ActiveCfg = Debug|Any CPU
		{1DEB926F-D836-4576-AF54-ECC315937718}.Debug|Any CPU.Build.0 = Debug|Any CPU
		{1DEB926F-D836-4576-AF54-ECC315937718}.Release|Any CPU.ActiveCfg = Release|Any CPU
		{1DEB926F-D836-4576-AF54-ECC315937718}.Release|Any CPU.Build.0 = Release|Any CPU
		{7D4D486A-B5F9-462E-8020-16B1E1FFBB1C}.Debug|Any CPU.ActiveCfg = Debug|Any CPU
		{7D4D486A-B5F9-462E-8020-16B1E1FFBB1C}.Debug|Any CPU.Build.0 = Debug|Any CPU
		{7D4D486A-B5F9-462E-8020-16B1E1FFBB1C}.Release|Any CPU.ActiveCfg = Release|Any CPU
		{7D4D486A-B5F9-462E-8020-16B1E1FFBB1C}.Release|Any CPU.Build.0 = Release|Any CPU
	EndGlobalSection
	GlobalSection(SolutionProperties) = preSolution
		HideSolutionNode = FALSE
	EndGlobalSection
	GlobalSection(ExtensibilityGlobals) = postSolution
		SolutionGuid = {B6B393D7-2421-45F3-B79F-A5E248BA4DD7}
	EndGlobalSection
EndGlobal
